{
  "name": "aws-lambda",
  "lockfileVersion": 2,
  "requires": true,
  "packages": {
    "": {
      "dependencies": {
        "resurfaceio-logger": "^2.2.1"
      }
    },
    "node_modules/resurfaceio-logger": {
      "version": "2.2.1",
      "resolved": "https://registry.npmjs.org/resurfaceio-logger/-/resurfaceio-logger-2.2.1.tgz",
      "integrity": "sha512-7Xgl0pNeSYId5vRak14bqn82JfBIt3b5B/eZuYGdp2TSNDp1BALCUwRsWlDjQaqCa7RQ/xuZeDO2E8vT0rsQ+g=="
    }
  },
  "dependencies": {
    "resurfaceio-logger": {
      "version": "2.2.1",
      "resolved": "https://registry.npmjs.org/resurfaceio-logger/-/resurfaceio-logger-2.2.1.tgz",
      "integrity": "sha512-7Xgl0pNeSYId5vRak14bqn82JfBIt3b5B/eZuYGdp2TSNDp1BALCUwRsWlDjQaqCa7RQ/xuZeDO2E8vT0rsQ+g=="
    }
  }
}
