{
  "name": "aws-lambda",
  "lockfileVersion": 2,
  "requires": true,
  "packages": {
    "": {
      "dependencies": {
        "resurfaceio-logger": "^2.2.2"
      }
    },
    "node_modules/resurfaceio-logger": {
      "version": "2.2.2",
      "resolved": "https://registry.npmjs.org/resurfaceio-logger/-/resurfaceio-logger-2.2.2.tgz",
      "integrity": "sha512-o8gaY/bJbaXH76nEMr1Bms//tcCmul9yhbh5uOpLCYhaQMTGXkuh/9rrSiZLunbwZkMg1RMLohV/LRlZsnj7XQ=="
    }
  },
  "dependencies": {
    "resurfaceio-logger": {
      "version": "2.2.2",
      "resolved": "https://registry.npmjs.org/resurfaceio-logger/-/resurfaceio-logger-2.2.2.tgz",
      "integrity": "sha512-o8gaY/bJbaXH76nEMr1Bms//tcCmul9yhbh5uOpLCYhaQMTGXkuh/9rrSiZLunbwZkMg1RMLohV/LRlZsnj7XQ=="
    }
  }
}
